// !$*UTF8*$!
{
	archiveVersion = 1;
	classes = {
	};
	objectVersion = 56;
	objects = {

/* Begin PBXBuildFile section */
		1342A0302CDC2C09005E7E38 /* userHomePage.swift in Sources */ = {isa = PBXBuildFile; fileRef = 1342A02F2CDC2C09005E7E38 /* userHomePage.swift */; };
		1342A0332CDC2E88005E7E38 /* GoogleService-Info.plist in Resources */ = {isa = PBXBuildFile; fileRef = 1342A0322CDC2E88005E7E38 /* GoogleService-Info.plist */; };
		1342A0362CDC2FF2005E7E38 /* FirebaseAuth in Frameworks */ = {isa = PBXBuildFile; productRef = 1342A0352CDC2FF2005E7E38 /* FirebaseAuth */; };
		1342A0382CDC3003005E7E38 /* FirebaseDatabase in Frameworks */ = {isa = PBXBuildFile; productRef = 1342A0372CDC3003005E7E38 /* FirebaseDatabase */; };
		1342A03A2CDC3047005E7E38 /* FirebaseFirestore in Frameworks */ = {isa = PBXBuildFile; productRef = 1342A0392CDC3047005E7E38 /* FirebaseFirestore */; };
		1342A03C2CDC3061005E7E38 /* FirebaseCore in Frameworks */ = {isa = PBXBuildFile; productRef = 1342A03B2CDC3061005E7E38 /* FirebaseCore */; };
		1342A03E2CDC32E0005E7E38 /* contentPage.swift in Sources */ = {isa = PBXBuildFile; fileRef = 1342A03D2CDC32D6005E7E38 /* contentPage.swift */; };
		1342A0402CDC332A005E7E38 /* signUpPage.swift in Sources */ = {isa = PBXBuildFile; fileRef = 1342A03F2CDC3321005E7E38 /* signUpPage.swift */; };
		1342A0422CDC336F005E7E38 /* loginPage.swift in Sources */ = {isa = PBXBuildFile; fileRef = 1342A0412CDC336A005E7E38 /* loginPage.swift */; };
		13444E932CD3F31A00A41952 /* CMUDict_Notecards.json in Resources */ = {isa = PBXBuildFile; fileRef = 13444E922CD3F31A00A41952 /* CMUDict_Notecards.json */; };
		13444E952CD3F58200A41952 /* RecordAudio.swift in Sources */ = {isa = PBXBuildFile; fileRef = 13444E942CD3F58200A41952 /* RecordAudio.swift */; };
		137D371C2CD4223500D004B9 /* TextToSpeechManager.swift in Sources */ = {isa = PBXBuildFile; fileRef = 137D371B2CD4222900D004B9 /* TextToSpeechManager.swift */; };
		13E4CBC42CD9A0C4007BF951 /* UserAudioLoader.swift in Sources */ = {isa = PBXBuildFile; fileRef = 13E4CBC32CD9A0BF007BF951 /* UserAudioLoader.swift */; };
		2207417F2CB5B4C5004CDBF8 /* SpeechifyApp.swift in Sources */ = {isa = PBXBuildFile; fileRef = 2207417E2CB5B4C5004CDBF8 /* SpeechifyApp.swift */; };
		220741812CB5B4C5004CDBF8 /* NoteCardView.swift in Sources */ = {isa = PBXBuildFile; fileRef = 220741802CB5B4C5004CDBF8 /* NoteCardView.swift */; };
		220741832CB5B4C6004CDBF8 /* Assets.xcassets in Resources */ = {isa = PBXBuildFile; fileRef = 220741822CB5B4C6004CDBF8 /* Assets.xcassets */; };
		220741862CB5B4C6004CDBF8 /* Preview Assets.xcassets in Resources */ = {isa = PBXBuildFile; fileRef = 220741852CB5B4C6004CDBF8 /* Preview Assets.xcassets */; };
		227D747A2CBEB5B100E1492A /* SignInView.swift in Sources */ = {isa = PBXBuildFile; fileRef = 227D74792CBEB5B100E1492A /* SignInView.swift */; };
		228DDC982CCDA6F400DC9C09 /* NotecardDetail.swift in Sources */ = {isa = PBXBuildFile; fileRef = 228DDC972CCDA6F400DC9C09 /* NotecardDetail.swift */; };
		228DDC9A2CCDC2FB00DC9C09 /* English.json in Resources */ = {isa = PBXBuildFile; fileRef = 228DDC992CCDC2FB00DC9C09 /* English.json */; };
		22EE94E42CC7E4B500AA858B /* Notecard.swift in Sources */ = {isa = PBXBuildFile; fileRef = 22EE94E32CC7E4B500AA858B /* Notecard.swift */; };
		22EE94E62CC7E4C200AA858B /* Deck.swift in Sources */ = {isa = PBXBuildFile; fileRef = 22EE94E52CC7E4C200AA858B /* Deck.swift */; };
		3DDE73AE2CDC33B500EC8C17 /* Launch Screen.storyboard in Resources */ = {isa = PBXBuildFile; fileRef = 3DDE73AD2CDC33B500EC8C17 /* Launch Screen.storyboard */; };
/* End PBXBuildFile section */

/* Begin PBXFileReference section */
		1342A02F2CDC2C09005E7E38 /* userHomePage.swift */ = {isa = PBXFileReference; lastKnownFileType = sourcecode.swift; path = userHomePage.swift; sourceTree = "<group>"; };
		1342A0322CDC2E88005E7E38 /* GoogleService-Info.plist */ = {isa = PBXFileReference; lastKnownFileType = text.plist.xml; path = "GoogleService-Info.plist"; sourceTree = "<group>"; };
		1342A03D2CDC32D6005E7E38 /* contentPage.swift */ = {isa = PBXFileReference; lastKnownFileType = sourcecode.swift; path = contentPage.swift; sourceTree = "<group>"; };
		1342A03F2CDC3321005E7E38 /* signUpPage.swift */ = {isa = PBXFileReference; lastKnownFileType = sourcecode.swift; path = signUpPage.swift; sourceTree = "<group>"; };
		1342A0412CDC336A005E7E38 /* loginPage.swift */ = {isa = PBXFileReference; lastKnownFileType = sourcecode.swift; path = loginPage.swift; sourceTree = "<group>"; };
		13444E922CD3F31A00A41952 /* CMUDict_Notecards.json */ = {isa = PBXFileReference; lastKnownFileType = text.json; path = CMUDict_Notecards.json; sourceTree = "<group>"; };
		13444E942CD3F58200A41952 /* RecordAudio.swift */ = {isa = PBXFileReference; lastKnownFileType = sourcecode.swift; path = RecordAudio.swift; sourceTree = "<group>"; };
		137D371B2CD4222900D004B9 /* TextToSpeechManager.swift */ = {isa = PBXFileReference; lastKnownFileType = sourcecode.swift; path = TextToSpeechManager.swift; sourceTree = "<group>"; };
		13E4CBC32CD9A0BF007BF951 /* UserAudioLoader.swift */ = {isa = PBXFileReference; lastKnownFileType = sourcecode.swift; path = UserAudioLoader.swift; sourceTree = "<group>"; };
		2207417B2CB5B4C5004CDBF8 /* Speechify.app */ = {isa = PBXFileReference; explicitFileType = wrapper.application; includeInIndex = 0; path = Speechify.app; sourceTree = BUILT_PRODUCTS_DIR; };
		2207417E2CB5B4C5004CDBF8 /* SpeechifyApp.swift */ = {isa = PBXFileReference; lastKnownFileType = sourcecode.swift; path = SpeechifyApp.swift; sourceTree = "<group>"; };
		220741802CB5B4C5004CDBF8 /* NoteCardView.swift */ = {isa = PBXFileReference; lastKnownFileType = sourcecode.swift; path = NoteCardView.swift; sourceTree = "<group>"; };
		220741822CB5B4C6004CDBF8 /* Assets.xcassets */ = {isa = PBXFileReference; lastKnownFileType = folder.assetcatalog; path = Assets.xcassets; sourceTree = "<group>"; };
		220741852CB5B4C6004CDBF8 /* Preview Assets.xcassets */ = {isa = PBXFileReference; lastKnownFileType = folder.assetcatalog; path = "Preview Assets.xcassets"; sourceTree = "<group>"; };
		227D74792CBEB5B100E1492A /* SignInView.swift */ = {isa = PBXFileReference; lastKnownFileType = sourcecode.swift; path = SignInView.swift; sourceTree = "<group>"; };
		228DDC972CCDA6F400DC9C09 /* NotecardDetail.swift */ = {isa = PBXFileReference; lastKnownFileType = sourcecode.swift; path = NotecardDetail.swift; sourceTree = "<group>"; };
		228DDC992CCDC2FB00DC9C09 /* English.json */ = {isa = PBXFileReference; lastKnownFileType = text.json; path = English.json; sourceTree = "<group>"; };
		22EE94E32CC7E4B500AA858B /* Notecard.swift */ = {isa = PBXFileReference; lastKnownFileType = sourcecode.swift; path = Notecard.swift; sourceTree = "<group>"; };
		22EE94E52CC7E4C200AA858B /* Deck.swift */ = {isa = PBXFileReference; lastKnownFileType = sourcecode.swift; path = Deck.swift; sourceTree = "<group>"; };
		3DDE73AD2CDC33B500EC8C17 /* Launch Screen.storyboard */ = {isa = PBXFileReference; lastKnownFileType = file.storyboard; path = "Launch Screen.storyboard"; sourceTree = "<group>"; };
/* End PBXFileReference section */

/* Begin PBXFrameworksBuildPhase section */
		220741782CB5B4C5004CDBF8 /* Frameworks */ = {
			isa = PBXFrameworksBuildPhase;
			buildActionMask = 2147483647;
			files = (
				1342A0382CDC3003005E7E38 /* FirebaseDatabase in Frameworks */,
				1342A0362CDC2FF2005E7E38 /* FirebaseAuth in Frameworks */,
				1342A03C2CDC3061005E7E38 /* FirebaseCore in Frameworks */,
				1342A03A2CDC3047005E7E38 /* FirebaseFirestore in Frameworks */,
			);
			runOnlyForDeploymentPostprocessing = 0;
		};
/* End PBXFrameworksBuildPhase section */

/* Begin PBXGroup section */
		1342A0312CDC2D61005E7E38 /* Frameworks */ = {
			isa = PBXGroup;
			children = (
			);
			name = Frameworks;
			sourceTree = "<group>";
		};
		220741722CB5B4C5004CDBF8 = {
			isa = PBXGroup;
			children = (
				2207417D2CB5B4C5004CDBF8 /* Speechify */,
				1342A0312CDC2D61005E7E38 /* Frameworks */,
				2207417C2CB5B4C5004CDBF8 /* Products */,
			);
			sourceTree = "<group>";
		};
		2207417C2CB5B4C5004CDBF8 /* Products */ = {
			isa = PBXGroup;
			children = (
				2207417B2CB5B4C5004CDBF8 /* Speechify.app */,
			);
			name = Products;
			sourceTree = "<group>";
		};
		2207417D2CB5B4C5004CDBF8 /* Speechify */ = {
			isa = PBXGroup;
			children = (
				1342A0412CDC336A005E7E38 /* loginPage.swift */,
				1342A03F2CDC3321005E7E38 /* signUpPage.swift */,
				1342A03D2CDC32D6005E7E38 /* contentPage.swift */,
				1342A0322CDC2E88005E7E38 /* GoogleService-Info.plist */,
				13E4CBC32CD9A0BF007BF951 /* UserAudioLoader.swift */,
				137D371B2CD4222900D004B9 /* TextToSpeechManager.swift */,
				1342A02F2CDC2C09005E7E38 /* userHomePage.swift */,
				228DDC972CCDA6F400DC9C09 /* NotecardDetail.swift */,
				13444E942CD3F58200A41952 /* RecordAudio.swift */,
				22EE94E22CC7E48A00AA858B /* Model */,
				2207417E2CB5B4C5004CDBF8 /* SpeechifyApp.swift */,
				220741802CB5B4C5004CDBF8 /* NoteCardView.swift */,
				220741822CB5B4C6004CDBF8 /* Assets.xcassets */,
				220741842CB5B4C6004CDBF8 /* Preview Content */,
				227D74792CBEB5B100E1492A /* SignInView.swift */,
				228DDC992CCDC2FB00DC9C09 /* English.json */,
				13444E922CD3F31A00A41952 /* CMUDict_Notecards.json */,
				3DDE73AD2CDC33B500EC8C17 /* Launch Screen.storyboard */,
			);
			path = Speechify;
			sourceTree = "<group>";
		};
		220741842CB5B4C6004CDBF8 /* Preview Content */ = {
			isa = PBXGroup;
			children = (
				220741852CB5B4C6004CDBF8 /* Preview Assets.xcassets */,
			);
			path = "Preview Content";
			sourceTree = "<group>";
		};
		22EE94E22CC7E48A00AA858B /* Model */ = {
			isa = PBXGroup;
			children = (
				22EE94E32CC7E4B500AA858B /* Notecard.swift */,
				22EE94E52CC7E4C200AA858B /* Deck.swift */,
			);
			path = Model;
			sourceTree = "<group>";
		};
/* End PBXGroup section */

/* Begin PBXNativeTarget section */
		2207417A2CB5B4C5004CDBF8 /* Speechify */ = {
			isa = PBXNativeTarget;
			buildConfigurationList = 220741892CB5B4C6004CDBF8 /* Build configuration list for PBXNativeTarget "Speechify" */;
			buildPhases = (
				220741772CB5B4C5004CDBF8 /* Sources */,
				220741782CB5B4C5004CDBF8 /* Frameworks */,
				220741792CB5B4C5004CDBF8 /* Resources */,
			);
			buildRules = (
			);
			dependencies = (
			);
			name = Speechify;
			productName = Speechify;
			productReference = 2207417B2CB5B4C5004CDBF8 /* Speechify.app */;
			productType = "com.apple.product-type.application";
		};
/* End PBXNativeTarget section */

/* Begin PBXProject section */
		220741732CB5B4C5004CDBF8 /* Project object */ = {
			isa = PBXProject;
			attributes = {
				BuildIndependentTargetsInParallel = 1;
				LastSwiftUpdateCheck = 1410;
				LastUpgradeCheck = 1410;
				TargetAttributes = {
					2207417A2CB5B4C5004CDBF8 = {
						CreatedOnToolsVersion = 14.1;
					};
				};
			};
			buildConfigurationList = 220741762CB5B4C5004CDBF8 /* Build configuration list for PBXProject "Spechify" */;
			compatibilityVersion = "Xcode 14.0";
			developmentRegion = en;
			hasScannedForEncodings = 0;
			knownRegions = (
				en,
				Base,
			);
			mainGroup = 220741722CB5B4C5004CDBF8;
			packageReferences = (
				1342A0342CDC2FBB005E7E38 /* XCRemoteSwiftPackageReference "firebase-ios-sdk" */,
			);
			productRefGroup = 2207417C2CB5B4C5004CDBF8 /* Products */;
			projectDirPath = "";
			projectRoot = "";
			targets = (
				2207417A2CB5B4C5004CDBF8 /* Speechify */,
			);
		};
/* End PBXProject section */

/* Begin PBXResourcesBuildPhase section */
		220741792CB5B4C5004CDBF8 /* Resources */ = {
			isa = PBXResourcesBuildPhase;
			buildActionMask = 2147483647;
			files = (
				220741862CB5B4C6004CDBF8 /* Preview Assets.xcassets in Resources */,
				13444E932CD3F31A00A41952 /* CMUDict_Notecards.json in Resources */,
				1342A0332CDC2E88005E7E38 /* GoogleService-Info.plist in Resources */,
				228DDC9A2CCDC2FB00DC9C09 /* English.json in Resources */,
				3DDE73AE2CDC33B500EC8C17 /* Launch Screen.storyboard in Resources */,
				220741832CB5B4C6004CDBF8 /* Assets.xcassets in Resources */,
			);
			runOnlyForDeploymentPostprocessing = 0;
		};
/* End PBXResourcesBuildPhase section */

/* Begin PBXSourcesBuildPhase section */
		220741772CB5B4C5004CDBF8 /* Sources */ = {
			isa = PBXSourcesBuildPhase;
			buildActionMask = 2147483647;
			files = (
				1342A0302CDC2C09005E7E38 /* userHomePage.swift in Sources */,
				13444E952CD3F58200A41952 /* RecordAudio.swift in Sources */,
				22EE94E62CC7E4C200AA858B /* Deck.swift in Sources */,
				22EE94E42CC7E4B500AA858B /* Notecard.swift in Sources */,
				227D747A2CBEB5B100E1492A /* SignInView.swift in Sources */,
				228DDC982CCDA6F400DC9C09 /* NotecardDetail.swift in Sources */,
				13E4CBC42CD9A0C4007BF951 /* UserAudioLoader.swift in Sources */,
				1342A03E2CDC32E0005E7E38 /* contentPage.swift in Sources */,
				1342A0422CDC336F005E7E38 /* loginPage.swift in Sources */,
				220741812CB5B4C5004CDBF8 /* NoteCardView.swift in Sources */,
				2207417F2CB5B4C5004CDBF8 /* SpeechifyApp.swift in Sources */,
				1342A0402CDC332A005E7E38 /* signUpPage.swift in Sources */,
				137D371C2CD4223500D004B9 /* TextToSpeechManager.swift in Sources */,
			);
			runOnlyForDeploymentPostprocessing = 0;
		};
/* End PBXSourcesBuildPhase section */

/* Begin XCBuildConfiguration section */
		220741872CB5B4C6004CDBF8 /* Debug */ = {
			isa = XCBuildConfiguration;
			buildSettings = {
				ALWAYS_SEARCH_USER_PATHS = NO;
				CLANG_ANALYZER_NONNULL = YES;
				CLANG_ANALYZER_NUMBER_OBJECT_CONVERSION = YES_AGGRESSIVE;
				CLANG_CXX_LANGUAGE_STANDARD = "gnu++20";
				CLANG_ENABLE_MODULES = YES;
				CLANG_ENABLE_OBJC_ARC = YES;
				CLANG_ENABLE_OBJC_WEAK = YES;
				CLANG_WARN_BLOCK_CAPTURE_AUTORELEASING = YES;
				CLANG_WARN_BOOL_CONVERSION = YES;
				CLANG_WARN_COMMA = YES;
				CLANG_WARN_CONSTANT_CONVERSION = YES;
				CLANG_WARN_DEPRECATED_OBJC_IMPLEMENTATIONS = YES;
				CLANG_WARN_DIRECT_OBJC_ISA_USAGE = YES_ERROR;
				CLANG_WARN_DOCUMENTATION_COMMENTS = YES;
				CLANG_WARN_EMPTY_BODY = YES;
				CLANG_WARN_ENUM_CONVERSION = YES;
				CLANG_WARN_INFINITE_RECURSION = YES;
				CLANG_WARN_INT_CONVERSION = YES;
				CLANG_WARN_NON_LITERAL_NULL_CONVERSION = YES;
				CLANG_WARN_OBJC_IMPLICIT_RETAIN_SELF = YES;
				CLANG_WARN_OBJC_LITERAL_CONVERSION = YES;
				CLANG_WARN_OBJC_ROOT_CLASS = YES_ERROR;
				CLANG_WARN_QUOTED_INCLUDE_IN_FRAMEWORK_HEADER = YES;
				CLANG_WARN_RANGE_LOOP_ANALYSIS = YES;
				CLANG_WARN_STRICT_PROTOTYPES = YES;
				CLANG_WARN_SUSPICIOUS_MOVE = YES;
				CLANG_WARN_UNGUARDED_AVAILABILITY = YES_AGGRESSIVE;
				CLANG_WARN_UNREACHABLE_CODE = YES;
				CLANG_WARN__DUPLICATE_METHOD_MATCH = YES;
				COPY_PHASE_STRIP = NO;
				DEBUG_INFORMATION_FORMAT = dwarf;
				ENABLE_STRICT_OBJC_MSGSEND = YES;
				ENABLE_TESTABILITY = YES;
				GCC_C_LANGUAGE_STANDARD = gnu11;
				GCC_DYNAMIC_NO_PIC = NO;
				GCC_NO_COMMON_BLOCKS = YES;
				GCC_OPTIMIZATION_LEVEL = 0;
				GCC_PREPROCESSOR_DEFINITIONS = (
					"DEBUG=1",
					"$(inherited)",
				);
				GCC_WARN_64_TO_32_BIT_CONVERSION = YES;
				GCC_WARN_ABOUT_RETURN_TYPE = YES_ERROR;
				GCC_WARN_UNDECLARED_SELECTOR = YES;
				GCC_WARN_UNINITIALIZED_AUTOS = YES_AGGRESSIVE;
				GCC_WARN_UNUSED_FUNCTION = YES;
				GCC_WARN_UNUSED_VARIABLE = YES;
				IPHONEOS_DEPLOYMENT_TARGET = 16.1;
				MTL_ENABLE_DEBUG_INFO = INCLUDE_SOURCE;
				MTL_FAST_MATH = YES;
				ONLY_ACTIVE_ARCH = YES;
				SDKROOT = iphoneos;
				SWIFT_ACTIVE_COMPILATION_CONDITIONS = DEBUG;
				SWIFT_OPTIMIZATION_LEVEL = "-Onone";
			};
			name = Debug;
		};
		220741882CB5B4C6004CDBF8 /* Release */ = {
			isa = XCBuildConfiguration;
			buildSettings = {
				ALWAYS_SEARCH_USER_PATHS = NO;
				CLANG_ANALYZER_NONNULL = YES;
				CLANG_ANALYZER_NUMBER_OBJECT_CONVERSION = YES_AGGRESSIVE;
				CLANG_CXX_LANGUAGE_STANDARD = "gnu++20";
				CLANG_ENABLE_MODULES = YES;
				CLANG_ENABLE_OBJC_ARC = YES;
				CLANG_ENABLE_OBJC_WEAK = YES;
				CLANG_WARN_BLOCK_CAPTURE_AUTORELEASING = YES;
				CLANG_WARN_BOOL_CONVERSION = YES;
				CLANG_WARN_COMMA = YES;
				CLANG_WARN_CONSTANT_CONVERSION = YES;
				CLANG_WARN_DEPRECATED_OBJC_IMPLEMENTATIONS = YES;
				CLANG_WARN_DIRECT_OBJC_ISA_USAGE = YES_ERROR;
				CLANG_WARN_DOCUMENTATION_COMMENTS = YES;
				CLANG_WARN_EMPTY_BODY = YES;
				CLANG_WARN_ENUM_CONVERSION = YES;
				CLANG_WARN_INFINITE_RECURSION = YES;
				CLANG_WARN_INT_CONVERSION = YES;
				CLANG_WARN_NON_LITERAL_NULL_CONVERSION = YES;
				CLANG_WARN_OBJC_IMPLICIT_RETAIN_SELF = YES;
				CLANG_WARN_OBJC_LITERAL_CONVERSION = YES;
				CLANG_WARN_OBJC_ROOT_CLASS = YES_ERROR;
				CLANG_WARN_QUOTED_INCLUDE_IN_FRAMEWORK_HEADER = YES;
				CLANG_WARN_RANGE_LOOP_ANALYSIS = YES;
				CLANG_WARN_STRICT_PROTOTYPES = YES;
				CLANG_WARN_SUSPICIOUS_MOVE = YES;
				CLANG_WARN_UNGUARDED_AVAILABILITY = YES_AGGRESSIVE;
				CLANG_WARN_UNREACHABLE_CODE = YES;
				CLANG_WARN__DUPLICATE_METHOD_MATCH = YES;
				COPY_PHASE_STRIP = NO;
				DEBUG_INFORMATION_FORMAT = "dwarf-with-dsym";
				ENABLE_NS_ASSERTIONS = NO;
				ENABLE_STRICT_OBJC_MSGSEND = YES;
				GCC_C_LANGUAGE_STANDARD = gnu11;
				GCC_NO_COMMON_BLOCKS = YES;
				GCC_WARN_64_TO_32_BIT_CONVERSION = YES;
				GCC_WARN_ABOUT_RETURN_TYPE = YES_ERROR;
				GCC_WARN_UNDECLARED_SELECTOR = YES;
				GCC_WARN_UNINITIALIZED_AUTOS = YES_AGGRESSIVE;
				GCC_WARN_UNUSED_FUNCTION = YES;
				GCC_WARN_UNUSED_VARIABLE = YES;
				IPHONEOS_DEPLOYMENT_TARGET = 16.1;
				MTL_ENABLE_DEBUG_INFO = NO;
				MTL_FAST_MATH = YES;
				SDKROOT = iphoneos;
				SWIFT_COMPILATION_MODE = wholemodule;
				SWIFT_OPTIMIZATION_LEVEL = "-O";
				VALIDATE_PRODUCT = YES;
			};
			name = Release;
		};
		2207418A2CB5B4C6004CDBF8 /* Debug */ = {
			isa = XCBuildConfiguration;
			buildSettings = {
				ASSETCATALOG_COMPILER_APPICON_NAME = AppIcon;
				ASSETCATALOG_COMPILER_GLOBAL_ACCENT_COLOR_NAME = AccentColor;
				CODE_SIGN_STYLE = Automatic;
				CURRENT_PROJECT_VERSION = 1;
				DEVELOPMENT_ASSET_PATHS = "\"Speechify/Preview Content\"";
				ENABLE_PREVIEWS = YES;
				GENERATE_INFOPLIST_FILE = YES;
				INFOPLIST_KEY_NSMicrophoneUsageDescription = 6.0;
				INFOPLIST_KEY_UIApplicationSceneManifest_Generation = YES;
				INFOPLIST_KEY_UIApplicationSupportsIndirectInputEvents = YES;
				INFOPLIST_KEY_UILaunchScreen_Generation = YES;
				INFOPLIST_KEY_UISupportedInterfaceOrientations_iPad = "UIInterfaceOrientationPortrait UIInterfaceOrientationPortraitUpsideDown UIInterfaceOrientationLandscapeLeft UIInterfaceOrientationLandscapeRight";
				INFOPLIST_KEY_UISupportedInterfaceOrientations_iPhone = "UIInterfaceOrientationPortrait UIInterfaceOrientationLandscapeLeft UIInterfaceOrientationLandscapeRight";
				LD_RUNPATH_SEARCH_PATHS = (
					"$(inherited)",
					"@executable_path/Frameworks",
				);
				MARKETING_VERSION = 1.0;
				PRODUCT_BUNDLE_IDENTIFIER = com.Capstone.Speechify;
				PRODUCT_NAME = "$(TARGET_NAME)";
				SWIFT_EMIT_LOC_STRINGS = YES;
				SWIFT_VERSION = 5.0;
				TARGETED_DEVICE_FAMILY = "1,2";
			};
			name = Debug;
		};
		2207418B2CB5B4C6004CDBF8 /* Release */ = {
			isa = XCBuildConfiguration;
			buildSettings = {
				ASSETCATALOG_COMPILER_APPICON_NAME = AppIcon;
				ASSETCATALOG_COMPILER_GLOBAL_ACCENT_COLOR_NAME = AccentColor;
				CODE_SIGN_STYLE = Automatic;
				CURRENT_PROJECT_VERSION = 1;
				DEVELOPMENT_ASSET_PATHS = "\"Speechify/Preview Content\"";
				ENABLE_PREVIEWS = YES;
				GENERATE_INFOPLIST_FILE = YES;
				INFOPLIST_KEY_NSMicrophoneUsageDescription = 6.0;
				INFOPLIST_KEY_UIApplicationSceneManifest_Generation = YES;
				INFOPLIST_KEY_UIApplicationSupportsIndirectInputEvents = YES;
				INFOPLIST_KEY_UILaunchScreen_Generation = YES;
				INFOPLIST_KEY_UISupportedInterfaceOrientations_iPad = "UIInterfaceOrientationPortrait UIInterfaceOrientationPortraitUpsideDown UIInterfaceOrientationLandscapeLeft UIInterfaceOrientationLandscapeRight";
				INFOPLIST_KEY_UISupportedInterfaceOrientations_iPhone = "UIInterfaceOrientationPortrait UIInterfaceOrientationLandscapeLeft UIInterfaceOrientationLandscapeRight";
				LD_RUNPATH_SEARCH_PATHS = (
					"$(inherited)",
					"@executable_path/Frameworks",
				);
				MARKETING_VERSION = 1.0;
				PRODUCT_BUNDLE_IDENTIFIER = com.Capstone.Speechify;
				PRODUCT_NAME = "$(TARGET_NAME)";
				SWIFT_EMIT_LOC_STRINGS = YES;
				SWIFT_VERSION = 5.0;
				TARGETED_DEVICE_FAMILY = "1,2";
			};
			name = Release;
		};
/* End XCBuildConfiguration section */

/* Begin XCConfigurationList section */
		220741762CB5B4C5004CDBF8 /* Build configuration list for PBXProject "Spechify" */ = {
			isa = XCConfigurationList;
			buildConfigurations = (
				220741872CB5B4C6004CDBF8 /* Debug */,
				220741882CB5B4C6004CDBF8 /* Release */,
			);
			defaultConfigurationIsVisible = 0;
			defaultConfigurationName = Release;
		};
		220741892CB5B4C6004CDBF8 /* Build configuration list for PBXNativeTarget "Speechify" */ = {
			isa = XCConfigurationList;
			buildConfigurations = (
				2207418A2CB5B4C6004CDBF8 /* Debug */,
				2207418B2CB5B4C6004CDBF8 /* Release */,
			);
			defaultConfigurationIsVisible = 0;
			defaultConfigurationName = Release;
		};
/* End XCConfigurationList section */

/* Begin XCRemoteSwiftPackageReference section */
		1342A0342CDC2FBB005E7E38 /* XCRemoteSwiftPackageReference "firebase-ios-sdk" */ = {
			isa = XCRemoteSwiftPackageReference;
			repositoryURL = "https://github.com/firebase/firebase-ios-sdk";
			requirement = {
				kind = upToNextMajorVersion;
				minimumVersion = 11.4.0;
			};
		};
/* End XCRemoteSwiftPackageReference section */

/* Begin XCSwiftPackageProductDependency section */
		1342A0352CDC2FF2005E7E38 /* FirebaseAuth */ = {
			isa = XCSwiftPackageProductDependency;
			package = 1342A0342CDC2FBB005E7E38 /* XCRemoteSwiftPackageReference "firebase-ios-sdk" */;
			productName = FirebaseAuth;
		};
		1342A0372CDC3003005E7E38 /* FirebaseDatabase */ = {
			isa = XCSwiftPackageProductDependency;
			package = 1342A0342CDC2FBB005E7E38 /* XCRemoteSwiftPackageReference "firebase-ios-sdk" */;
			productName = FirebaseDatabase;
		};
		1342A0392CDC3047005E7E38 /* FirebaseFirestore */ = {
			isa = XCSwiftPackageProductDependency;
			package = 1342A0342CDC2FBB005E7E38 /* XCRemoteSwiftPackageReference "firebase-ios-sdk" */;
			productName = FirebaseFirestore;
		};
		1342A03B2CDC3061005E7E38 /* FirebaseCore */ = {
			isa = XCSwiftPackageProductDependency;
			package = 1342A0342CDC2FBB005E7E38 /* XCRemoteSwiftPackageReference "firebase-ios-sdk" */;
			productName = FirebaseCore;
		};
/* End XCSwiftPackageProductDependency section */
	};
	rootObject = 220741732CB5B4C5004CDBF8 /* Project object */;
}
